
Microsoft Visual Studio Solution File, Format Version 12.00
# Visual Studio Version 17
VisualStudioVersion = 17.4.33205.214
MinimumVisualStudioVersion = 10.0.40219.1
Project("{FAE04EC0-301F-11D3-BF4B-00C04F79EFBC}") = "ConsumoAlimentario", "ConsumoAlimentario\ConsumoAlimentario.csproj", "{F941320B-D0EB-4C66-8DE2-3D15D7BC8E25}"
EndProject
Global
	GlobalSection(SolutionConfigurationPlatforms) = preSolution
		Debug|Any CPU = Debug|Any CPU
		Release|Any CPU = Release|Any CPU
	EndGlobalSection
	GlobalSection(ProjectConfigurationPlatforms) = postSolution
		{F941320B-D0EB-4C66-8DE2-3D15D7BC8E25}.Debug|Any CPU.ActiveCfg = Debug|Any CPU
		{F941320B-D0EB-4C66-8DE2-3D15D7BC8E25}.Debug|Any CPU.Build.0 = Debug|Any CPU
		{F941320B-D0EB-4C66-8DE2-3D15D7BC8E25}.Release|Any CPU.ActiveCfg = Release|Any CPU
		{F941320B-D0EB-4C66-8DE2-3D15D7BC8E25}.Release|Any CPU.Build.0 = Release|Any CPU
	EndGlobalSection
	GlobalSection(SolutionProperties) = preSolution
		HideSolutionNode = FALSE
	EndGlobalSection
	GlobalSection(ExtensibilityGlobals) = postSolution
		SolutionGuid = {F5795B48-8D10-4640-8FF5-D1B57BB0BF4D}
	EndGlobalSection
EndGlobal
